
Microsoft Visual Studio Solution File, Format Version 12.00
# Visual Studio Version 17
VisualStudioVersion = 17.11.35005.142
MinimumVisualStudioVersion = 10.0.40219.1
Project("{9A19103F-16F7-4668-BE54-9A1E7A4F7556}") = "API_Shop", "API_Shop\API_Shop.csproj", "{FEC69C6A-FBE0-4EF9-B879-6B422221F216}"
EndProject
Project("{FAE04EC0-301F-11D3-BF4B-00C04F79EFBC}") = "TestXUnit_Shop", "TestXUnit_Shop\TestXUnit_Shop.csproj", "{C845497D-4FEF-46F6-9DAC-3F2B9D8905A9}"
EndProject
Global
	GlobalSection(SolutionConfigurationPlatforms) = preSolution
		Debug|Any CPU = Debug|Any CPU
		Release|Any CPU = Release|Any CPU
	EndGlobalSection
	GlobalSection(ProjectConfigurationPlatforms) = postSolution
		{FEC69C6A-FBE0-4EF9-B879-6B422221F216}.Debug|Any CPU.ActiveCfg = Debug|Any CPU
		{FEC69C6A-FBE0-4EF9-B879-6B422221F216}.Debug|Any CPU.Build.0 = Debug|Any CPU
		{FEC69C6A-FBE0-4EF9-B879-6B422221F216}.Release|Any CPU.ActiveCfg = Release|Any CPU
		{FEC69C6A-FBE0-4EF9-B879-6B422221F216}.Release|Any CPU.Build.0 = Release|Any CPU
		{C845497D-4FEF-46F6-9DAC-3F2B9D8905A9}.Debug|Any CPU.ActiveCfg = Debug|Any CPU
		{C845497D-4FEF-46F6-9DAC-3F2B9D8905A9}.Debug|Any CPU.Build.0 = Debug|Any CPU
		{C845497D-4FEF-46F6-9DAC-3F2B9D8905A9}.Release|Any CPU.ActiveCfg = Release|Any CPU
		{C845497D-4FEF-46F6-9DAC-3F2B9D8905A9}.Release|Any CPU.Build.0 = Release|Any CPU
	EndGlobalSection
	GlobalSection(SolutionProperties) = preSolution
		HideSolutionNode = FALSE
	EndGlobalSection
	GlobalSection(ExtensibilityGlobals) = postSolution
		SolutionGuid = {8A9449D2-0A3C-4095-AD0A-6341CE18EBF0}
	EndGlobalSection
EndGlobal
